{
  "name": "Clean-GGM-Webserver",
  "lockfileVersion": 3,
  "requires": true,
  "packages": {
    "": {
      "dependencies": {
        "express-partials": "^0.3.0"
      }
    },
    "node_modules/express-partials": {
      "version": "0.3.0",
      "resolved": "https://registry.npmjs.org/express-partials/-/express-partials-0.3.0.tgz",
      "integrity": "sha512-LodvQHqUhSKJNl7NMjjPvHAh7sybtmUOWKKGrrb2/eL/kPlto2KQO5lCVceOBamxipDoWw07zLwWiDwidHgmEQ==",
      "engines": {
        "node": "*"
      }
    }
  }
}
